
Microsoft Visual Studio Solution File, Format Version 12.00
# Visual Studio Version 16
VisualStudioVersion = 16.0.31605.320
MinimumVisualStudioVersion = 10.0.40219.1
Project("{FAE04EC0-301F-11D3-BF4B-00C04F79EFBC}") = "LocalRecon", "LocalRecon.csproj", "{CC4F1DFE-A567-4FF1-94ED-23283C3CA72D}"
EndProject
Global
	GlobalSection(SolutionConfigurationPlatforms) = preSolution
		Debug|Any CPU = Debug|Any CPU
		Release|Any CPU = Release|Any CPU
	EndGlobalSection
	GlobalSection(ProjectConfigurationPlatforms) = postSolution
		{CC4F1DFE-A567-4FF1-94ED-23283C3CA72D}.Debug|Any CPU.ActiveCfg = Debug|Any CPU
		{CC4F1DFE-A567-4FF1-94ED-23283C3CA72D}.Debug|Any CPU.Build.0 = Debug|Any CPU
		{CC4F1DFE-A567-4FF1-94ED-23283C3CA72D}.Release|Any CPU.ActiveCfg = Release|Any CPU
		{CC4F1DFE-A567-4FF1-94ED-23283C3CA72D}.Release|Any CPU.Build.0 = Release|Any CPU
	EndGlobalSection
	GlobalSection(SolutionProperties) = preSolution
		HideSolutionNode = FALSE
	EndGlobalSection
	GlobalSection(ExtensibilityGlobals) = postSolution
		SolutionGuid = {66251549-A8F2-4DD0-A10A-22C0783F507C}
	EndGlobalSection
EndGlobal
